
Microsoft Visual Studio Solution File, Format Version 12.00
# Visual Studio Version 17
VisualStudioVersion = 17.9.34728.123
MinimumVisualStudioVersion = 10.0.40219.1
Project("{9A19103F-16F7-4668-BE54-9A1E7A4F7556}") = "WebAPIEmployesSalary", "WebAPIEmployesSalary.csproj", "{B95A2D74-41C8-4B31-A3EF-4B9BD4E1C719}"
EndProject
Project("{9A19103F-16F7-4668-BE54-9A1E7A4F7556}") = "WebAPIEmployesSalary.Services", "..\WebAPIEmployesSalary.Services\WebAPIEmployesSalary.Services.csproj", "{2ADBFEDB-866E-4BC3-9D41-77909D0DC87E}"
EndProject
Project("{9A19103F-16F7-4668-BE54-9A1E7A4F7556}") = "WebAPIEmployesSalary.Model", "..\WebAPIEmployesSalary.Model\WebAPIEmployesSalary.Model.csproj", "{04BD1D11-8F4A-4560-840D-8CF88B7AD8C8}"
EndProject
Project("{9A19103F-16F7-4668-BE54-9A1E7A4F7556}") = "WebAPIEmployesSalary.Bussiness", "..\WebAPIEmployesSalary.Bussiness\WebAPIEmployesSalary.Bussiness.csproj", "{362832A0-32E5-4E8C-AF18-7B94945A0F3D}"
EndProject
Project("{FAE04EC0-301F-11D3-BF4B-00C04F79EFBC}") = "WebAPIEmployesSalaryTests", "..\WebAPIEmployesSalaryTests\WebAPIEmployesSalaryTests.csproj", "{0B5F8126-A5B2-408C-8717-FB9BC83216F1}"
EndProject
Global
	GlobalSection(SolutionConfigurationPlatforms) = preSolution
		Debug|Any CPU = Debug|Any CPU
		Release|Any CPU = Release|Any CPU
	EndGlobalSection
	GlobalSection(ProjectConfigurationPlatforms) = postSolution
		{B95A2D74-41C8-4B31-A3EF-4B9BD4E1C719}.Debug|Any CPU.ActiveCfg = Debug|Any CPU
		{B95A2D74-41C8-4B31-A3EF-4B9BD4E1C719}.Debug|Any CPU.Build.0 = Debug|Any CPU
		{B95A2D74-41C8-4B31-A3EF-4B9BD4E1C719}.Release|Any CPU.ActiveCfg = Release|Any CPU
		{B95A2D74-41C8-4B31-A3EF-4B9BD4E1C719}.Release|Any CPU.Build.0 = Release|Any CPU
		{2ADBFEDB-866E-4BC3-9D41-77909D0DC87E}.Debug|Any CPU.ActiveCfg = Debug|Any CPU
		{2ADBFEDB-866E-4BC3-9D41-77909D0DC87E}.Debug|Any CPU.Build.0 = Debug|Any CPU
		{2ADBFEDB-866E-4BC3-9D41-77909D0DC87E}.Release|Any CPU.ActiveCfg = Release|Any CPU
		{2ADBFEDB-866E-4BC3-9D41-77909D0DC87E}.Release|Any CPU.Build.0 = Release|Any CPU
		{04BD1D11-8F4A-4560-840D-8CF88B7AD8C8}.Debug|Any CPU.ActiveCfg = Debug|Any CPU
		{04BD1D11-8F4A-4560-840D-8CF88B7AD8C8}.Debug|Any CPU.Build.0 = Debug|Any CPU
		{04BD1D11-8F4A-4560-840D-8CF88B7AD8C8}.Release|Any CPU.ActiveCfg = Release|Any CPU
		{04BD1D11-8F4A-4560-840D-8CF88B7AD8C8}.Release|Any CPU.Build.0 = Release|Any CPU
		{362832A0-32E5-4E8C-AF18-7B94945A0F3D}.Debug|Any CPU.ActiveCfg = Debug|Any CPU
		{362832A0-32E5-4E8C-AF18-7B94945A0F3D}.Debug|Any CPU.Build.0 = Debug|Any CPU
		{362832A0-32E5-4E8C-AF18-7B94945A0F3D}.Release|Any CPU.ActiveCfg = Release|Any CPU
		{362832A0-32E5-4E8C-AF18-7B94945A0F3D}.Release|Any CPU.Build.0 = Release|Any CPU
		{0B5F8126-A5B2-408C-8717-FB9BC83216F1}.Debug|Any CPU.ActiveCfg = Debug|Any CPU
		{0B5F8126-A5B2-408C-8717-FB9BC83216F1}.Debug|Any CPU.Build.0 = Debug|Any CPU
		{0B5F8126-A5B2-408C-8717-FB9BC83216F1}.Release|Any CPU.ActiveCfg = Release|Any CPU
		{0B5F8126-A5B2-408C-8717-FB9BC83216F1}.Release|Any CPU.Build.0 = Release|Any CPU
	EndGlobalSection
	GlobalSection(SolutionProperties) = preSolution
		HideSolutionNode = FALSE
	EndGlobalSection
	GlobalSection(ExtensibilityGlobals) = postSolution
		SolutionGuid = {942AB69E-3584-49BF-BE90-B6EFCCC628D1}
	EndGlobalSection
EndGlobal
